
Microsoft Visual Studio Solution File, Format Version 12.00
# Visual Studio Version 16
VisualStudioVersion = 16.0.30320.27
MinimumVisualStudioVersion = 10.0.40219.1
Project("{9A19103F-16F7-4668-BE54-9A1E7A4F7556}") = "FuzzyDateHelper", "FuzzyDateHelper\FuzzyDateHelper.csproj", "{AEA83F8F-5967-49F9-A8D3-9AB9C034A684}"
EndProject
Project("{9A19103F-16F7-4668-BE54-9A1E7A4F7556}") = "FuzzyDateHelper.Tests", "FuzzyDateHelper.Tests\FuzzyDateHelper.Tests.csproj", "{382DF749-2FB0-4487-BB36-3728B8EC3614}"
EndProject
Project("{2150E333-8FDC-42A3-9474-1A3956D46DE8}") = "Solution Items", "Solution Items", "{7ADEB2F4-A6C1-434B-AE5B-EB77C789CCCA}"
	ProjectSection(SolutionItems) = preProject
		.github\workflows\dotnet-core.yml = .github\workflows\dotnet-core.yml
	EndProjectSection
EndProject
Global
	GlobalSection(SolutionConfigurationPlatforms) = preSolution
		Debug|Any CPU = Debug|Any CPU
		Release|Any CPU = Release|Any CPU
	EndGlobalSection
	GlobalSection(ProjectConfigurationPlatforms) = postSolution
		{AEA83F8F-5967-49F9-A8D3-9AB9C034A684}.Debug|Any CPU.ActiveCfg = Debug|Any CPU
		{AEA83F8F-5967-49F9-A8D3-9AB9C034A684}.Debug|Any CPU.Build.0 = Debug|Any CPU
		{AEA83F8F-5967-49F9-A8D3-9AB9C034A684}.Release|Any CPU.ActiveCfg = Release|Any CPU
		{AEA83F8F-5967-49F9-A8D3-9AB9C034A684}.Release|Any CPU.Build.0 = Release|Any CPU
		{382DF749-2FB0-4487-BB36-3728B8EC3614}.Debug|Any CPU.ActiveCfg = Debug|Any CPU
		{382DF749-2FB0-4487-BB36-3728B8EC3614}.Debug|Any CPU.Build.0 = Debug|Any CPU
		{382DF749-2FB0-4487-BB36-3728B8EC3614}.Release|Any CPU.ActiveCfg = Release|Any CPU
		{382DF749-2FB0-4487-BB36-3728B8EC3614}.Release|Any CPU.Build.0 = Release|Any CPU
	EndGlobalSection
	GlobalSection(SolutionProperties) = preSolution
		HideSolutionNode = FALSE
	EndGlobalSection
	GlobalSection(ExtensibilityGlobals) = postSolution
		SolutionGuid = {E44CA92E-B6FC-41DE-BB8D-5974DFFF700A}
	EndGlobalSection
EndGlobal
